
Microsoft Visual Studio Solution File, Format Version 12.00
# Visual Studio Version 17
VisualStudioVersion = 17.3.32901.215
MinimumVisualStudioVersion = 10.0.40219.1
Project("{FAE04EC0-301F-11D3-BF4B-00C04F79EFBC}") = "WritingPlatform", "WritingPlatform\WritingPlatform.csproj", "{94051623-EF86-45F4-BB0D-EA61EB0321AA}"
EndProject
Global
	GlobalSection(SolutionConfigurationPlatforms) = preSolution
		Debug|Any CPU = Debug|Any CPU
		Release|Any CPU = Release|Any CPU
	EndGlobalSection
	GlobalSection(ProjectConfigurationPlatforms) = postSolution
		{94051623-EF86-45F4-BB0D-EA61EB0321AA}.Debug|Any CPU.ActiveCfg = Debug|Any CPU
		{94051623-EF86-45F4-BB0D-EA61EB0321AA}.Debug|Any CPU.Build.0 = Debug|Any CPU
		{94051623-EF86-45F4-BB0D-EA61EB0321AA}.Release|Any CPU.ActiveCfg = Release|Any CPU
		{94051623-EF86-45F4-BB0D-EA61EB0321AA}.Release|Any CPU.Build.0 = Release|Any CPU
	EndGlobalSection
	GlobalSection(SolutionProperties) = preSolution
		HideSolutionNode = FALSE
	EndGlobalSection
	GlobalSection(ExtensibilityGlobals) = postSolution
		SolutionGuid = {4CDAF6AC-375E-4FCA-B0EF-BB5590F66CDF}
	EndGlobalSection
EndGlobal
